
Microsoft Visual Studio Solution File, Format Version 12.00
# Visual Studio 15
VisualStudioVersion = 15.0.27703.2047
MinimumVisualStudioVersion = 10.0.40219.1
Project("{2150E333-8FDC-42A3-9474-1A3956D46DE8}") = "src", "src", "{4BF9BC47-1921-47E0-BD0E-485146F6EA19}"
EndProject
Project("{9A19103F-16F7-4668-BE54-9A1E7A4F7556}") = "Meting4Net.Core", "src\Meting4Net.Core\Meting4Net.Core.csproj", "{99E5A7A9-BE10-4AE8-88C8-5170F8219BBA}"
EndProject
Project("{2150E333-8FDC-42A3-9474-1A3956D46DE8}") = "examples", "examples", "{D80DF260-743C-4446-B261-9ABD28F4B5BF}"
EndProject
Project("{FAE04EC0-301F-11D3-BF4B-00C04F79EFBC}") = "SimpleDemo", "examples\SimpleDemo\SimpleDemo.csproj", "{16441A3C-9C22-4D4F-B3B4-50601D4C13CC}"
EndProject
Global
	GlobalSection(SolutionConfigurationPlatforms) = preSolution
		Debug|Any CPU = Debug|Any CPU
		Release|Any CPU = Release|Any CPU
	EndGlobalSection
	GlobalSection(ProjectConfigurationPlatforms) = postSolution
		{99E5A7A9-BE10-4AE8-88C8-5170F8219BBA}.Debug|Any CPU.ActiveCfg = Debug|Any CPU
		{99E5A7A9-BE10-4AE8-88C8-5170F8219BBA}.Debug|Any CPU.Build.0 = Debug|Any CPU
		{99E5A7A9-BE10-4AE8-88C8-5170F8219BBA}.Release|Any CPU.ActiveCfg = Release|Any CPU
		{99E5A7A9-BE10-4AE8-88C8-5170F8219BBA}.Release|Any CPU.Build.0 = Release|Any CPU
		{16441A3C-9C22-4D4F-B3B4-50601D4C13CC}.Debug|Any CPU.ActiveCfg = Debug|Any CPU
		{16441A3C-9C22-4D4F-B3B4-50601D4C13CC}.Debug|Any CPU.Build.0 = Debug|Any CPU
		{16441A3C-9C22-4D4F-B3B4-50601D4C13CC}.Release|Any CPU.ActiveCfg = Release|Any CPU
		{16441A3C-9C22-4D4F-B3B4-50601D4C13CC}.Release|Any CPU.Build.0 = Release|Any CPU
	EndGlobalSection
	GlobalSection(SolutionProperties) = preSolution
		HideSolutionNode = FALSE
	EndGlobalSection
	GlobalSection(NestedProjects) = preSolution
		{99E5A7A9-BE10-4AE8-88C8-5170F8219BBA} = {4BF9BC47-1921-47E0-BD0E-485146F6EA19}
		{16441A3C-9C22-4D4F-B3B4-50601D4C13CC} = {D80DF260-743C-4446-B261-9ABD28F4B5BF}
	EndGlobalSection
	GlobalSection(ExtensibilityGlobals) = postSolution
		SolutionGuid = {C21B01E7-DB2B-4CC8-8069-95FA968D6005}
	EndGlobalSection
EndGlobal
